{
  "object": {
    "pins": [
      {
        "package": "SwiftUIX",
        "repositoryURL": "https://github.com/SwiftUIX/SwiftUIX.git",
        "state": {
          "branch": null,
          "revision": "6aa1b4ec2e0d3e5cfc7494c84519402a16dd1316",
          "version": "0.0.8"
        }
      }
    ]
  },
  "version": 1
}
