{
  "object": {
    "pins": [
      {
        "package": "OneSignalXCFramework",
        "repositoryURL": "https://github.com/OneSignal/OneSignal-XCFramework",
        "state": {
          "branch": null,
          "revision": "2627e9eac584eb021bf86cd06661c187c6496a71",
          "version": "3.6.1"
        }
      },
      {
        "package": "SwiftUIKit",
        "repositoryURL": "https://github.com/danielsaidi/SwiftUIKit.git",
        "state": {
          "branch": null,
          "revision": "da747aa0180822a46475e4e35191ba0b11c739f7",
          "version": "1.7.2"
        }
      },
      {
        "package": "SwiftUIX",
        "repositoryURL": "https://github.com/SwiftUIX/SwiftUIX.git",
        "state": {
          "branch": null,
          "revision": "6aa1b4ec2e0d3e5cfc7494c84519402a16dd1316",
          "version": "0.0.8"
        }
      }
    ]
  },
  "version": 1
}
