// !$*UTF8*$!
{
	archiveVersion = 1;
	classes = {
	};
	objectVersion = 53;
	objects = {

/* Begin PBXBuildFile section */
		3207F45C26C494E300D90D50 /* S_ResponsesApp.swift in Sources */ = {isa = PBXBuildFile; fileRef = 3207F45B26C494E300D90D50 /* S_ResponsesApp.swift */; };
		3207F45E26C494E300D90D50 /* SettingsView.swift in Sources */ = {isa = PBXBuildFile; fileRef = 3207F45D26C494E300D90D50 /* SettingsView.swift */; };
		3207F46026C494E500D90D50 /* Assets.xcassets in Resources */ = {isa = PBXBuildFile; fileRef = 3207F45F26C494E500D90D50 /* Assets.xcassets */; };
		3207F46326C494E500D90D50 /* Preview Assets.xcassets in Resources */ = {isa = PBXBuildFile; fileRef = 3207F46226C494E500D90D50 /* Preview Assets.xcassets */; };
		3207F46E26C494E500D90D50 /* S_ResponsesTests.swift in Sources */ = {isa = PBXBuildFile; fileRef = 3207F46D26C494E500D90D50 /* S_ResponsesTests.swift */; };
		3207F47926C494E500D90D50 /* S_ResponsesUITests.swift in Sources */ = {isa = PBXBuildFile; fileRef = 3207F47826C494E500D90D50 /* S_ResponsesUITests.swift */; };
		3207F48826C4957600D90D50 /* Variables.swift in Sources */ = {isa = PBXBuildFile; fileRef = 3207F48726C4957600D90D50 /* Variables.swift */; };
		3207F48A26C4A88A00D90D50 /* ResponseCodeDetails.swift in Sources */ = {isa = PBXBuildFile; fileRef = 3207F48926C4A88A00D90D50 /* ResponseCodeDetails.swift */; };
		320B332F26DC48940035CFE8 /* LoadingView.swift in Sources */ = {isa = PBXBuildFile; fileRef = 320B332E26DC48940035CFE8 /* LoadingView.swift */; };
		3243B69A26C5DB910084E1B6 /* DetailView.swift in Sources */ = {isa = PBXBuildFile; fileRef = 3243B69926C5DB910084E1B6 /* DetailView.swift */; };
		3243B69C26C5DBCA0084E1B6 /* ListView.swift in Sources */ = {isa = PBXBuildFile; fileRef = 3243B69B26C5DBCA0084E1B6 /* ListView.swift */; };
		324E1F1826CB8C9700EB9E07 /* SwiftUIX in Frameworks */ = {isa = PBXBuildFile; productRef = 324E1F1726CB8C9700EB9E07 /* SwiftUIX */; };
		324E1F1D26CB991200EB9E07 /* HomeView.swift in Sources */ = {isa = PBXBuildFile; fileRef = 324E1F1C26CB991100EB9E07 /* HomeView.swift */; };
		324E1F1F26CB9B5F00EB9E07 /* bahnschrift.ttf in Resources */ = {isa = PBXBuildFile; fileRef = 324E1F1E26CB9B5E00EB9E07 /* bahnschrift.ttf */; };
		325815C426D3A54D007FE10F /* ExperimentView.swift in Sources */ = {isa = PBXBuildFile; fileRef = 325815C326D3A54D007FE10F /* ExperimentView.swift */; };
		325F4FC126D36664002877AA /* OneSignal in Frameworks */ = {isa = PBXBuildFile; productRef = 325F4FC026D36664002877AA /* OneSignal */; };
		325F4FC626D391EF002877AA /* SwiftUIKit in Frameworks */ = {isa = PBXBuildFile; productRef = 325F4FC526D391EF002877AA /* SwiftUIKit */; };
		326334B826E58B9700C4BCBD /* Sentry in Frameworks */ = {isa = PBXBuildFile; productRef = 326334B726E58B9700C4BCBD /* Sentry */; };
		3275173F26D897240034EEE2 /* GlossaryView.swift in Sources */ = {isa = PBXBuildFile; fileRef = 3275173E26D897240034EEE2 /* GlossaryView.swift */; };
		329CC19926CF71B40056CE4D /* NotificationService.swift in Sources */ = {isa = PBXBuildFile; fileRef = 329CC19826CF71B40056CE4D /* NotificationService.swift */; };
		329CC19D26CF71B40056CE4D /* OneSignalNotificationServiceExtension.appex in Embed Foundation Extensions */ = {isa = PBXBuildFile; fileRef = 329CC19626CF71B40056CE4D /* OneSignalNotificationServiceExtension.appex */; settings = {ATTRIBUTES = (RemoveHeadersOnCopy, ); }; };
		329CC1A826CF73530056CE4D /* AppDelegate.swift in Sources */ = {isa = PBXBuildFile; fileRef = 329CC1A726CF73530056CE4D /* AppDelegate.swift */; };
		32B534F126D4DB7A009B4FFF /* NavigationHelper.swift in Sources */ = {isa = PBXBuildFile; fileRef = 32B534F026D4DB7A009B4FFF /* NavigationHelper.swift */; };
		32B534F326D4DBDA009B4FFF /* ViewRouter.swift in Sources */ = {isa = PBXBuildFile; fileRef = 32B534F226D4DBDA009B4FFF /* ViewRouter.swift */; };
		32B534F526D4DC08009B4FFF /* MotherView.swift in Sources */ = {isa = PBXBuildFile; fileRef = 32B534F426D4DC08009B4FFF /* MotherView.swift */; };
/* End PBXBuildFile section */

/* Begin PBXContainerItemProxy section */
		3207F46A26C494E500D90D50 /* PBXContainerItemProxy */ = {
			isa = PBXContainerItemProxy;
			containerPortal = 3207F45026C494E300D90D50 /* Project object */;
			proxyType = 1;
			remoteGlobalIDString = 3207F45726C494E300D90D50;
			remoteInfo = "S Responses";
		};
		3207F47526C494E500D90D50 /* PBXContainerItemProxy */ = {
			isa = PBXContainerItemProxy;
			containerPortal = 3207F45026C494E300D90D50 /* Project object */;
			proxyType = 1;
			remoteGlobalIDString = 3207F45726C494E300D90D50;
			remoteInfo = "S Responses";
		};
		329CC19B26CF71B40056CE4D /* PBXContainerItemProxy */ = {
			isa = PBXContainerItemProxy;
			containerPortal = 3207F45026C494E300D90D50 /* Project object */;
			proxyType = 1;
			remoteGlobalIDString = 329CC19526CF71B40056CE4D;
			remoteInfo = OneSignalNotificationServiceExtension;
		};
/* End PBXContainerItemProxy section */

/* Begin PBXCopyFilesBuildPhase section */
		329CC1A126CF71B40056CE4D /* Embed Foundation Extensions */ = {
			isa = PBXCopyFilesBuildPhase;
			buildActionMask = 2147483647;
			dstPath = "";
			dstSubfolderSpec = 13;
			files = (
				329CC19D26CF71B40056CE4D /* OneSignalNotificationServiceExtension.appex in Embed Foundation Extensions */,
			);
			name = "Embed Foundation Extensions";
			runOnlyForDeploymentPostprocessing = 0;
		};
/* End PBXCopyFilesBuildPhase section */

/* Begin PBXFileReference section */
		3207F45826C494E300D90D50 /* HTTPS Responses.app */ = {isa = PBXFileReference; explicitFileType = wrapper.application; includeInIndex = 0; path = "HTTPS Responses.app"; sourceTree = BUILT_PRODUCTS_DIR; };
		3207F45B26C494E300D90D50 /* S_ResponsesApp.swift */ = {isa = PBXFileReference; lastKnownFileType = sourcecode.swift; path = S_ResponsesApp.swift; sourceTree = "<group>"; };
		3207F45D26C494E300D90D50 /* SettingsView.swift */ = {isa = PBXFileReference; lastKnownFileType = sourcecode.swift; path = SettingsView.swift; sourceTree = "<group>"; };
		3207F45F26C494E500D90D50 /* Assets.xcassets */ = {isa = PBXFileReference; lastKnownFileType = folder.assetcatalog; path = Assets.xcassets; sourceTree = "<group>"; };
		3207F46226C494E500D90D50 /* Preview Assets.xcassets */ = {isa = PBXFileReference; lastKnownFileType = folder.assetcatalog; path = "Preview Assets.xcassets"; sourceTree = "<group>"; };
		3207F46426C494E500D90D50 /* Info.plist */ = {isa = PBXFileReference; lastKnownFileType = text.plist.xml; path = Info.plist; sourceTree = "<group>"; };
		3207F46926C494E500D90D50 /* HTTPS ResponsesTests.xctest */ = {isa = PBXFileReference; explicitFileType = wrapper.cfbundle; includeInIndex = 0; path = "HTTPS ResponsesTests.xctest"; sourceTree = BUILT_PRODUCTS_DIR; };
		3207F46D26C494E500D90D50 /* S_ResponsesTests.swift */ = {isa = PBXFileReference; lastKnownFileType = sourcecode.swift; path = S_ResponsesTests.swift; sourceTree = "<group>"; };
		3207F46F26C494E500D90D50 /* Info.plist */ = {isa = PBXFileReference; lastKnownFileType = text.plist.xml; path = Info.plist; sourceTree = "<group>"; };
		3207F47426C494E500D90D50 /* HTTPS ResponsesUITests.xctest */ = {isa = PBXFileReference; explicitFileType = wrapper.cfbundle; includeInIndex = 0; path = "HTTPS ResponsesUITests.xctest"; sourceTree = BUILT_PRODUCTS_DIR; };
		3207F47826C494E500D90D50 /* S_ResponsesUITests.swift */ = {isa = PBXFileReference; lastKnownFileType = sourcecode.swift; path = S_ResponsesUITests.swift; sourceTree = "<group>"; };
		3207F47A26C494E500D90D50 /* Info.plist */ = {isa = PBXFileReference; lastKnownFileType = text.plist.xml; path = Info.plist; sourceTree = "<group>"; };
		3207F48726C4957600D90D50 /* Variables.swift */ = {isa = PBXFileReference; lastKnownFileType = sourcecode.swift; path = Variables.swift; sourceTree = "<group>"; };
		3207F48926C4A88A00D90D50 /* ResponseCodeDetails.swift */ = {isa = PBXFileReference; lastKnownFileType = sourcecode.swift; path = ResponseCodeDetails.swift; sourceTree = "<group>"; };
		320B332E26DC48940035CFE8 /* LoadingView.swift */ = {isa = PBXFileReference; lastKnownFileType = sourcecode.swift; path = LoadingView.swift; sourceTree = "<group>"; };
		3243B69926C5DB910084E1B6 /* DetailView.swift */ = {isa = PBXFileReference; lastKnownFileType = sourcecode.swift; path = DetailView.swift; sourceTree = "<group>"; };
		3243B69B26C5DBCA0084E1B6 /* ListView.swift */ = {isa = PBXFileReference; lastKnownFileType = sourcecode.swift; path = ListView.swift; sourceTree = "<group>"; };
		324E1F1C26CB991100EB9E07 /* HomeView.swift */ = {isa = PBXFileReference; lastKnownFileType = sourcecode.swift; path = HomeView.swift; sourceTree = "<group>"; };
		324E1F1E26CB9B5E00EB9E07 /* bahnschrift.ttf */ = {isa = PBXFileReference; lastKnownFileType = file; path = bahnschrift.ttf; sourceTree = "<group>"; };
		325815C326D3A54D007FE10F /* ExperimentView.swift */ = {isa = PBXFileReference; lastKnownFileType = sourcecode.swift; path = ExperimentView.swift; sourceTree = "<group>"; };
		3275173E26D897240034EEE2 /* GlossaryView.swift */ = {isa = PBXFileReference; lastKnownFileType = sourcecode.swift; path = GlossaryView.swift; sourceTree = "<group>"; };
		329CC19126CF6DF20056CE4D /* S Responses.entitlements */ = {isa = PBXFileReference; lastKnownFileType = text.plist.entitlements; path = "S Responses.entitlements"; sourceTree = "<group>"; };
		329CC19626CF71B40056CE4D /* OneSignalNotificationServiceExtension.appex */ = {isa = PBXFileReference; explicitFileType = "wrapper.app-extension"; includeInIndex = 0; path = OneSignalNotificationServiceExtension.appex; sourceTree = BUILT_PRODUCTS_DIR; };
		329CC19826CF71B40056CE4D /* NotificationService.swift */ = {isa = PBXFileReference; lastKnownFileType = sourcecode.swift; path = NotificationService.swift; sourceTree = "<group>"; };
		329CC19A26CF71B40056CE4D /* Info.plist */ = {isa = PBXFileReference; lastKnownFileType = text.plist.xml; path = Info.plist; sourceTree = "<group>"; };
		329CC1A726CF73530056CE4D /* AppDelegate.swift */ = {isa = PBXFileReference; lastKnownFileType = sourcecode.swift; path = AppDelegate.swift; sourceTree = "<group>"; };
		329CC1A926CF74B60056CE4D /* OneSignalNotificationServiceExtension.entitlements */ = {isa = PBXFileReference; lastKnownFileType = text.plist.entitlements; path = OneSignalNotificationServiceExtension.entitlements; sourceTree = "<group>"; };
		32B534F026D4DB7A009B4FFF /* NavigationHelper.swift */ = {isa = PBXFileReference; lastKnownFileType = sourcecode.swift; path = NavigationHelper.swift; sourceTree = "<group>"; };
		32B534F226D4DBDA009B4FFF /* ViewRouter.swift */ = {isa = PBXFileReference; lastKnownFileType = sourcecode.swift; path = ViewRouter.swift; sourceTree = "<group>"; };
		32B534F426D4DC08009B4FFF /* MotherView.swift */ = {isa = PBXFileReference; lastKnownFileType = sourcecode.swift; path = MotherView.swift; sourceTree = "<group>"; };
/* End PBXFileReference section */

/* Begin PBXFrameworksBuildPhase section */
		3207F45526C494E300D90D50 /* Frameworks */ = {
			isa = PBXFrameworksBuildPhase;
			buildActionMask = 2147483647;
			files = (
				324E1F1826CB8C9700EB9E07 /* SwiftUIX in Frameworks */,
				325F4FC626D391EF002877AA /* SwiftUIKit in Frameworks */,
				325F4FC126D36664002877AA /* OneSignal in Frameworks */,
				326334B826E58B9700C4BCBD /* Sentry in Frameworks */,
			);
			runOnlyForDeploymentPostprocessing = 0;
		};
		3207F46626C494E500D90D50 /* Frameworks */ = {
			isa = PBXFrameworksBuildPhase;
			buildActionMask = 2147483647;
			files = (
			);
			runOnlyForDeploymentPostprocessing = 0;
		};
		3207F47126C494E500D90D50 /* Frameworks */ = {
			isa = PBXFrameworksBuildPhase;
			buildActionMask = 2147483647;
			files = (
			);
			runOnlyForDeploymentPostprocessing = 0;
		};
		329CC19326CF71B40056CE4D /* Frameworks */ = {
			isa = PBXFrameworksBuildPhase;
			buildActionMask = 2147483647;
			files = (
			);
			runOnlyForDeploymentPostprocessing = 0;
		};
/* End PBXFrameworksBuildPhase section */

/* Begin PBXGroup section */
		3207F44F26C494E300D90D50 = {
			isa = PBXGroup;
			children = (
				3207F45A26C494E300D90D50 /* S Responses */,
				3207F46C26C494E500D90D50 /* S ResponsesTests */,
				3207F47726C494E500D90D50 /* S ResponsesUITests */,
				329CC19726CF71B40056CE4D /* OneSignalNotificationServiceExtension */,
				3207F45926C494E300D90D50 /* Products */,
				324E1F1926CB8EFC00EB9E07 /* Frameworks */,
			);
			sourceTree = "<group>";
		};
		3207F45926C494E300D90D50 /* Products */ = {
			isa = PBXGroup;
			children = (
				3207F45826C494E300D90D50 /* HTTPS Responses.app */,
				3207F46926C494E500D90D50 /* HTTPS ResponsesTests.xctest */,
				3207F47426C494E500D90D50 /* HTTPS ResponsesUITests.xctest */,
				329CC19626CF71B40056CE4D /* OneSignalNotificationServiceExtension.appex */,
			);
			name = Products;
			sourceTree = "<group>";
		};
		3207F45A26C494E300D90D50 /* S Responses */ = {
			isa = PBXGroup;
			children = (
				329CC19126CF6DF20056CE4D /* S Responses.entitlements */,
				3207F45B26C494E300D90D50 /* S_ResponsesApp.swift */,
				3243B69D26C5DC990084E1B6 /* UIViews */,
				3207F45F26C494E500D90D50 /* Assets.xcassets */,
				3207F46426C494E500D90D50 /* Info.plist */,
				324E1F2026CB9B7100EB9E07 /* Fonts */,
				3207F48626C4955E00D90D50 /* Helpers */,
				3207F46126C494E500D90D50 /* Preview Content */,
			);
			path = "S Responses";
			sourceTree = "<group>";
		};
		3207F46126C494E500D90D50 /* Preview Content */ = {
			isa = PBXGroup;
			children = (
				3207F46226C494E500D90D50 /* Preview Assets.xcassets */,
			);
			path = "Preview Content";
			sourceTree = "<group>";
		};
		3207F46C26C494E500D90D50 /* S ResponsesTests */ = {
			isa = PBXGroup;
			children = (
				3207F46D26C494E500D90D50 /* S_ResponsesTests.swift */,
				3207F46F26C494E500D90D50 /* Info.plist */,
			);
			path = "S ResponsesTests";
			sourceTree = "<group>";
		};
		3207F47726C494E500D90D50 /* S ResponsesUITests */ = {
			isa = PBXGroup;
			children = (
				3207F47826C494E500D90D50 /* S_ResponsesUITests.swift */,
				3207F47A26C494E500D90D50 /* Info.plist */,
			);
			path = "S ResponsesUITests";
			sourceTree = "<group>";
		};
		3207F48626C4955E00D90D50 /* Helpers */ = {
			isa = PBXGroup;
			children = (
				329D398426DF697F00266CB9 /* Notifications */,
				329D398326DF696500266CB9 /* Navigation */,
				3207F48726C4957600D90D50 /* Variables.swift */,
				3207F48926C4A88A00D90D50 /* ResponseCodeDetails.swift */,
			);
			path = Helpers;
			sourceTree = "<group>";
		};
		3243B69D26C5DC990084E1B6 /* UIViews */ = {
			isa = PBXGroup;
			children = (
				32B534F426D4DC08009B4FFF /* MotherView.swift */,
				324E1F1C26CB991100EB9E07 /* HomeView.swift */,
				3243B69926C5DB910084E1B6 /* DetailView.swift */,
				3207F45D26C494E300D90D50 /* SettingsView.swift */,
				320B332E26DC48940035CFE8 /* LoadingView.swift */,
				3243B69B26C5DBCA0084E1B6 /* ListView.swift */,
				3275173E26D897240034EEE2 /* GlossaryView.swift */,
				325815C326D3A54D007FE10F /* ExperimentView.swift */,
			);
			path = UIViews;
			sourceTree = "<group>";
		};
		324E1F1926CB8EFC00EB9E07 /* Frameworks */ = {
			isa = PBXGroup;
			children = (
			);
			name = Frameworks;
			sourceTree = "<group>";
		};
		324E1F2026CB9B7100EB9E07 /* Fonts */ = {
			isa = PBXGroup;
			children = (
				324E1F1E26CB9B5E00EB9E07 /* bahnschrift.ttf */,
			);
			path = Fonts;
			sourceTree = "<group>";
		};
		329CC19726CF71B40056CE4D /* OneSignalNotificationServiceExtension */ = {
			isa = PBXGroup;
			children = (
				329CC1A926CF74B60056CE4D /* OneSignalNotificationServiceExtension.entitlements */,
				329CC19826CF71B40056CE4D /* NotificationService.swift */,
				329CC19A26CF71B40056CE4D /* Info.plist */,
			);
			path = OneSignalNotificationServiceExtension;
			sourceTree = "<group>";
		};
		329D398326DF696500266CB9 /* Navigation */ = {
			isa = PBXGroup;
			children = (
				32B534F026D4DB7A009B4FFF /* NavigationHelper.swift */,
				32B534F226D4DBDA009B4FFF /* ViewRouter.swift */,
			);
			path = Navigation;
			sourceTree = "<group>";
		};
		329D398426DF697F00266CB9 /* Notifications */ = {
			isa = PBXGroup;
			children = (
				329CC1A726CF73530056CE4D /* AppDelegate.swift */,
			);
			path = Notifications;
			sourceTree = "<group>";
		};
/* End PBXGroup section */

/* Begin PBXNativeTarget section */
		3207F45726C494E300D90D50 /* HTTPS Responses */ = {
			isa = PBXNativeTarget;
			buildConfigurationList = 3207F47D26C494E500D90D50 /* Build configuration list for PBXNativeTarget "HTTPS Responses" */;
			buildPhases = (
				3207F45426C494E300D90D50 /* Sources */,
				3207F45526C494E300D90D50 /* Frameworks */,
				3207F45626C494E300D90D50 /* Resources */,
				329CC1A126CF71B40056CE4D /* Embed Foundation Extensions */,
			);
			buildRules = (
			);
			dependencies = (
				329CC19C26CF71B40056CE4D /* PBXTargetDependency */,
			);
			name = "HTTPS Responses";
			packageProductDependencies = (
				324E1F1726CB8C9700EB9E07 /* SwiftUIX */,
				325F4FC026D36664002877AA /* OneSignal */,
				325F4FC526D391EF002877AA /* SwiftUIKit */,
				326334B726E58B9700C4BCBD /* Sentry */,
			);
			productName = "S Responses";
			productReference = 3207F45826C494E300D90D50 /* HTTPS Responses.app */;
			productType = "com.apple.product-type.application";
		};
		3207F46826C494E500D90D50 /* HTTPS ResponsesTests */ = {
			isa = PBXNativeTarget;
			buildConfigurationList = 3207F48026C494E500D90D50 /* Build configuration list for PBXNativeTarget "HTTPS ResponsesTests" */;
			buildPhases = (
				3207F46526C494E500D90D50 /* Sources */,
				3207F46626C494E500D90D50 /* Frameworks */,
				3207F46726C494E500D90D50 /* Resources */,
			);
			buildRules = (
			);
			dependencies = (
				3207F46B26C494E500D90D50 /* PBXTargetDependency */,
			);
			name = "HTTPS ResponsesTests";
			productName = "S ResponsesTests";
			productReference = 3207F46926C494E500D90D50 /* HTTPS ResponsesTests.xctest */;
			productType = "com.apple.product-type.bundle.unit-test";
		};
		3207F47326C494E500D90D50 /* HTTPS ResponsesUITests */ = {
			isa = PBXNativeTarget;
			buildConfigurationList = 3207F48326C494E500D90D50 /* Build configuration list for PBXNativeTarget "HTTPS ResponsesUITests" */;
			buildPhases = (
				3207F47026C494E500D90D50 /* Sources */,
				3207F47126C494E500D90D50 /* Frameworks */,
				3207F47226C494E500D90D50 /* Resources */,
			);
			buildRules = (
			);
			dependencies = (
				3207F47626C494E500D90D50 /* PBXTargetDependency */,
			);
			name = "HTTPS ResponsesUITests";
			productName = "S ResponsesUITests";
			productReference = 3207F47426C494E500D90D50 /* HTTPS ResponsesUITests.xctest */;
			productType = "com.apple.product-type.bundle.ui-testing";
		};
		329CC19526CF71B40056CE4D /* OneSignalNotificationServiceExtension */ = {
			isa = PBXNativeTarget;
			buildConfigurationList = 329CC19E26CF71B40056CE4D /* Build configuration list for PBXNativeTarget "OneSignalNotificationServiceExtension" */;
			buildPhases = (
				329CC19226CF71B40056CE4D /* Sources */,
				329CC19326CF71B40056CE4D /* Frameworks */,
				329CC19426CF71B40056CE4D /* Resources */,
			);
			buildRules = (
			);
			dependencies = (
			);
			name = OneSignalNotificationServiceExtension;
			packageProductDependencies = (
			);
			productName = OneSignalNotificationServiceExtension;
			productReference = 329CC19626CF71B40056CE4D /* OneSignalNotificationServiceExtension.appex */;
			productType = "com.apple.product-type.app-extension";
		};
/* End PBXNativeTarget section */

/* Begin PBXProject section */
		3207F45026C494E300D90D50 /* Project object */ = {
			isa = PBXProject;
			attributes = {
				BuildIndependentTargetsInParallel = YES;
				LastSwiftUpdateCheck = 1250;
				LastUpgradeCheck = 1430;
				TargetAttributes = {
					3207F45726C494E300D90D50 = {
						CreatedOnToolsVersion = 12.5.1;
					};
					3207F46826C494E500D90D50 = {
						CreatedOnToolsVersion = 12.5.1;
						TestTargetID = 3207F45726C494E300D90D50;
					};
					3207F47326C494E500D90D50 = {
						CreatedOnToolsVersion = 12.5.1;
						TestTargetID = 3207F45726C494E300D90D50;
					};
					329CC19526CF71B40056CE4D = {
						CreatedOnToolsVersion = 12.5.1;
					};
				};
			};
			buildConfigurationList = 3207F45326C494E300D90D50 /* Build configuration list for PBXProject "HTTPS Responses" */;
			compatibilityVersion = "Xcode 9.3";
			developmentRegion = en;
			hasScannedForEncodings = 0;
			knownRegions = (
				en,
				Base,
			);
			mainGroup = 3207F44F26C494E300D90D50;
			packageReferences = (
				324E1F1626CB8C9700EB9E07 /* XCRemoteSwiftPackageReference "SwiftUIX" */,
				329CC1A226CF725F0056CE4D /* XCRemoteSwiftPackageReference "OneSignal-XCFramework" */,
				325F4FC426D391EF002877AA /* XCRemoteSwiftPackageReference "SwiftUIKit" */,
				326334B626E58B9700C4BCBD /* XCRemoteSwiftPackageReference "sentry-cocoa" */,
			);
			productRefGroup = 3207F45926C494E300D90D50 /* Products */;
			projectDirPath = "";
			projectRoot = "";
			targets = (
				3207F45726C494E300D90D50 /* HTTPS Responses */,
				3207F46826C494E500D90D50 /* HTTPS ResponsesTests */,
				3207F47326C494E500D90D50 /* HTTPS ResponsesUITests */,
				329CC19526CF71B40056CE4D /* OneSignalNotificationServiceExtension */,
			);
		};
/* End PBXProject section */

/* Begin PBXResourcesBuildPhase section */
		3207F45626C494E300D90D50 /* Resources */ = {
			isa = PBXResourcesBuildPhase;
			buildActionMask = 2147483647;
			files = (
				324E1F1F26CB9B5F00EB9E07 /* bahnschrift.ttf in Resources */,
				3207F46326C494E500D90D50 /* Preview Assets.xcassets in Resources */,
				3207F46026C494E500D90D50 /* Assets.xcassets in Resources */,
			);
			runOnlyForDeploymentPostprocessing = 0;
		};
		3207F46726C494E500D90D50 /* Resources */ = {
			isa = PBXResourcesBuildPhase;
			buildActionMask = 2147483647;
			files = (
			);
			runOnlyForDeploymentPostprocessing = 0;
		};
		3207F47226C494E500D90D50 /* Resources */ = {
			isa = PBXResourcesBuildPhase;
			buildActionMask = 2147483647;
			files = (
			);
			runOnlyForDeploymentPostprocessing = 0;
		};
		329CC19426CF71B40056CE4D /* Resources */ = {
			isa = PBXResourcesBuildPhase;
			buildActionMask = 2147483647;
			files = (
			);
			runOnlyForDeploymentPostprocessing = 0;
		};
/* End PBXResourcesBuildPhase section */

/* Begin PBXSourcesBuildPhase section */
		3207F45426C494E300D90D50 /* Sources */ = {
			isa = PBXSourcesBuildPhase;
			buildActionMask = 2147483647;
			files = (
				3207F48A26C4A88A00D90D50 /* ResponseCodeDetails.swift in Sources */,
				3207F48826C4957600D90D50 /* Variables.swift in Sources */,
				3243B69A26C5DB910084E1B6 /* DetailView.swift in Sources */,
				32B534F326D4DBDA009B4FFF /* ViewRouter.swift in Sources */,
				32B534F526D4DC08009B4FFF /* MotherView.swift in Sources */,
				329CC1A826CF73530056CE4D /* AppDelegate.swift in Sources */,
				325815C426D3A54D007FE10F /* ExperimentView.swift in Sources */,
				3207F45E26C494E300D90D50 /* SettingsView.swift in Sources */,
				320B332F26DC48940035CFE8 /* LoadingView.swift in Sources */,
				3243B69C26C5DBCA0084E1B6 /* ListView.swift in Sources */,
				32B534F126D4DB7A009B4FFF /* NavigationHelper.swift in Sources */,
				324E1F1D26CB991200EB9E07 /* HomeView.swift in Sources */,
				3275173F26D897240034EEE2 /* GlossaryView.swift in Sources */,
				3207F45C26C494E300D90D50 /* S_ResponsesApp.swift in Sources */,
			);
			runOnlyForDeploymentPostprocessing = 0;
		};
		3207F46526C494E500D90D50 /* Sources */ = {
			isa = PBXSourcesBuildPhase;
			buildActionMask = 2147483647;
			files = (
				3207F46E26C494E500D90D50 /* S_ResponsesTests.swift in Sources */,
			);
			runOnlyForDeploymentPostprocessing = 0;
		};
		3207F47026C494E500D90D50 /* Sources */ = {
			isa = PBXSourcesBuildPhase;
			buildActionMask = 2147483647;
			files = (
				3207F47926C494E500D90D50 /* S_ResponsesUITests.swift in Sources */,
			);
			runOnlyForDeploymentPostprocessing = 0;
		};
		329CC19226CF71B40056CE4D /* Sources */ = {
			isa = PBXSourcesBuildPhase;
			buildActionMask = 2147483647;
			files = (
				329CC19926CF71B40056CE4D /* NotificationService.swift in Sources */,
			);
			runOnlyForDeploymentPostprocessing = 0;
		};
/* End PBXSourcesBuildPhase section */

/* Begin PBXTargetDependency section */
		3207F46B26C494E500D90D50 /* PBXTargetDependency */ = {
			isa = PBXTargetDependency;
			target = 3207F45726C494E300D90D50 /* HTTPS Responses */;
			targetProxy = 3207F46A26C494E500D90D50 /* PBXContainerItemProxy */;
		};
		3207F47626C494E500D90D50 /* PBXTargetDependency */ = {
			isa = PBXTargetDependency;
			target = 3207F45726C494E300D90D50 /* HTTPS Responses */;
			targetProxy = 3207F47526C494E500D90D50 /* PBXContainerItemProxy */;
		};
		329CC19C26CF71B40056CE4D /* PBXTargetDependency */ = {
			isa = PBXTargetDependency;
			target = 329CC19526CF71B40056CE4D /* OneSignalNotificationServiceExtension */;
			targetProxy = 329CC19B26CF71B40056CE4D /* PBXContainerItemProxy */;
		};
/* End PBXTargetDependency section */

/* Begin XCBuildConfiguration section */
		3207F47B26C494E500D90D50 /* Debug */ = {
			isa = XCBuildConfiguration;
			buildSettings = {
				ALWAYS_SEARCH_USER_PATHS = NO;
				CLANG_ANALYZER_NONNULL = YES;
				CLANG_ANALYZER_NUMBER_OBJECT_CONVERSION = YES_AGGRESSIVE;
				CLANG_CXX_LANGUAGE_STANDARD = "gnu++14";
				CLANG_CXX_LIBRARY = "libc++";
				CLANG_ENABLE_MODULES = YES;
				CLANG_ENABLE_OBJC_ARC = YES;
				CLANG_ENABLE_OBJC_WEAK = YES;
				CLANG_WARN_BLOCK_CAPTURE_AUTORELEASING = YES;
				CLANG_WARN_BOOL_CONVERSION = YES;
				CLANG_WARN_COMMA = YES;
				CLANG_WARN_CONSTANT_CONVERSION = YES;
				CLANG_WARN_DEPRECATED_OBJC_IMPLEMENTATIONS = YES;
				CLANG_WARN_DIRECT_OBJC_ISA_USAGE = YES_ERROR;
				CLANG_WARN_DOCUMENTATION_COMMENTS = YES;
				CLANG_WARN_EMPTY_BODY = YES;
				CLANG_WARN_ENUM_CONVERSION = YES;
				CLANG_WARN_INFINITE_RECURSION = YES;
				CLANG_WARN_INT_CONVERSION = YES;
				CLANG_WARN_NON_LITERAL_NULL_CONVERSION = YES;
				CLANG_WARN_OBJC_IMPLICIT_RETAIN_SELF = YES;
				CLANG_WARN_OBJC_LITERAL_CONVERSION = YES;
				CLANG_WARN_OBJC_ROOT_CLASS = YES_ERROR;
				CLANG_WARN_QUOTED_INCLUDE_IN_FRAMEWORK_HEADER = YES;
				CLANG_WARN_RANGE_LOOP_ANALYSIS = YES;
				CLANG_WARN_STRICT_PROTOTYPES = YES;
				CLANG_WARN_SUSPICIOUS_MOVE = YES;
				CLANG_WARN_UNGUARDED_AVAILABILITY = YES_AGGRESSIVE;
				CLANG_WARN_UNREACHABLE_CODE = YES;
				CLANG_WARN__DUPLICATE_METHOD_MATCH = YES;
				COPY_PHASE_STRIP = NO;
				DEBUG_INFORMATION_FORMAT = dwarf;
				ENABLE_STRICT_OBJC_MSGSEND = YES;
				ENABLE_TESTABILITY = YES;
				GCC_C_LANGUAGE_STANDARD = gnu11;
				GCC_DYNAMIC_NO_PIC = NO;
				GCC_NO_COMMON_BLOCKS = YES;
				GCC_OPTIMIZATION_LEVEL = 0;
				GCC_PREPROCESSOR_DEFINITIONS = (
					"DEBUG=1",
					"$(inherited)",
				);
				GCC_WARN_64_TO_32_BIT_CONVERSION = YES;
				GCC_WARN_ABOUT_RETURN_TYPE = YES_ERROR;
				GCC_WARN_UNDECLARED_SELECTOR = YES;
				GCC_WARN_UNINITIALIZED_AUTOS = YES_AGGRESSIVE;
				GCC_WARN_UNUSED_FUNCTION = YES;
				GCC_WARN_UNUSED_VARIABLE = YES;
				IPHONEOS_DEPLOYMENT_TARGET = 14.5;
				MTL_ENABLE_DEBUG_INFO = INCLUDE_SOURCE;
				MTL_FAST_MATH = YES;
				ONLY_ACTIVE_ARCH = YES;
				SDKROOT = iphoneos;
				SWIFT_ACTIVE_COMPILATION_CONDITIONS = DEBUG;
				SWIFT_OPTIMIZATION_LEVEL = "-Onone";
			};
			name = Debug;
		};
		3207F47C26C494E500D90D50 /* Release */ = {
			isa = XCBuildConfiguration;
			buildSettings = {
				ALWAYS_SEARCH_USER_PATHS = NO;
				CLANG_ANALYZER_NONNULL = YES;
				CLANG_ANALYZER_NUMBER_OBJECT_CONVERSION = YES_AGGRESSIVE;
				CLANG_CXX_LANGUAGE_STANDARD = "gnu++14";
				CLANG_CXX_LIBRARY = "libc++";
				CLANG_ENABLE_MODULES = YES;
				CLANG_ENABLE_OBJC_ARC = YES;
				CLANG_ENABLE_OBJC_WEAK = YES;
				CLANG_WARN_BLOCK_CAPTURE_AUTORELEASING = YES;
				CLANG_WARN_BOOL_CONVERSION = YES;
				CLANG_WARN_COMMA = YES;
				CLANG_WARN_CONSTANT_CONVERSION = YES;
				CLANG_WARN_DEPRECATED_OBJC_IMPLEMENTATIONS = YES;
				CLANG_WARN_DIRECT_OBJC_ISA_USAGE = YES_ERROR;
				CLANG_WARN_DOCUMENTATION_COMMENTS = YES;
				CLANG_WARN_EMPTY_BODY = YES;
				CLANG_WARN_ENUM_CONVERSION = YES;
				CLANG_WARN_INFINITE_RECURSION = YES;
				CLANG_WARN_INT_CONVERSION = YES;
				CLANG_WARN_NON_LITERAL_NULL_CONVERSION = YES;
				CLANG_WARN_OBJC_IMPLICIT_RETAIN_SELF = YES;
				CLANG_WARN_OBJC_LITERAL_CONVERSION = YES;
				CLANG_WARN_OBJC_ROOT_CLASS = YES_ERROR;
				CLANG_WARN_QUOTED_INCLUDE_IN_FRAMEWORK_HEADER = YES;
				CLANG_WARN_RANGE_LOOP_ANALYSIS = YES;
				CLANG_WARN_STRICT_PROTOTYPES = YES;
				CLANG_WARN_SUSPICIOUS_MOVE = YES;
				CLANG_WARN_UNGUARDED_AVAILABILITY = YES_AGGRESSIVE;
				CLANG_WARN_UNREACHABLE_CODE = YES;
				CLANG_WARN__DUPLICATE_METHOD_MATCH = YES;
				COPY_PHASE_STRIP = NO;
				DEBUG_INFORMATION_FORMAT = "dwarf-with-dsym";
				ENABLE_NS_ASSERTIONS = NO;
				ENABLE_STRICT_OBJC_MSGSEND = YES;
				GCC_C_LANGUAGE_STANDARD = gnu11;
				GCC_NO_COMMON_BLOCKS = YES;
				GCC_WARN_64_TO_32_BIT_CONVERSION = YES;
				GCC_WARN_ABOUT_RETURN_TYPE = YES_ERROR;
				GCC_WARN_UNDECLARED_SELECTOR = YES;
				GCC_WARN_UNINITIALIZED_AUTOS = YES_AGGRESSIVE;
				GCC_WARN_UNUSED_FUNCTION = YES;
				GCC_WARN_UNUSED_VARIABLE = YES;
				IPHONEOS_DEPLOYMENT_TARGET = 14.5;
				MTL_ENABLE_DEBUG_INFO = NO;
				MTL_FAST_MATH = YES;
				SDKROOT = iphoneos;
				SWIFT_COMPILATION_MODE = wholemodule;
				SWIFT_OPTIMIZATION_LEVEL = "-O";
				VALIDATE_PRODUCT = YES;
			};
			name = Release;
		};
		3207F47E26C494E500D90D50 /* Debug */ = {
			isa = XCBuildConfiguration;
			buildSettings = {
				ALWAYS_EMBED_SWIFT_STANDARD_LIBRARIES = YES;
				ASSETCATALOG_COMPILER_APPICON_NAME = AppIcon;
				ASSETCATALOG_COMPILER_GLOBAL_ACCENT_COLOR_NAME = AccentColor;
				CODE_SIGN_ENTITLEMENTS = "S Responses/S Responses.entitlements";
				CODE_SIGN_STYLE = Automatic;
				CURRENT_PROJECT_VERSION = 9;
				DEVELOPMENT_ASSET_PATHS = "\"S Responses/Preview Content\"";
				DEVELOPMENT_TEAM = 98JA788VTC;
				ENABLE_PREVIEWS = YES;
				INFOPLIST_FILE = "S Responses/Info.plist";
				IPHONEOS_DEPLOYMENT_TARGET = 14.5;
				LD_RUNPATH_SEARCH_PATHS = (
					"$(inherited)",
					"@executable_path/Frameworks",
				);
				PRODUCT_BUNDLE_IDENTIFIER = "com.sebhunterluke.HTTPS-Responses";
				PRODUCT_NAME = "$(TARGET_NAME)";
				SWIFT_VERSION = 5.0;
				TARGETED_DEVICE_FAMILY = "1,2";
			};
			name = Debug;
		};
		3207F47F26C494E500D90D50 /* Release */ = {
			isa = XCBuildConfiguration;
			buildSettings = {
				ALWAYS_EMBED_SWIFT_STANDARD_LIBRARIES = YES;
				ASSETCATALOG_COMPILER_APPICON_NAME = AppIcon;
				ASSETCATALOG_COMPILER_GLOBAL_ACCENT_COLOR_NAME = AccentColor;
				CODE_SIGN_ENTITLEMENTS = "S Responses/S Responses.entitlements";
				CODE_SIGN_STYLE = Automatic;
				CURRENT_PROJECT_VERSION = 9;
				DEVELOPMENT_ASSET_PATHS = "\"S Responses/Preview Content\"";
				DEVELOPMENT_TEAM = 98JA788VTC;
				ENABLE_PREVIEWS = YES;
				INFOPLIST_FILE = "S Responses/Info.plist";
				IPHONEOS_DEPLOYMENT_TARGET = 14.5;
				LD_RUNPATH_SEARCH_PATHS = (
					"$(inherited)",
					"@executable_path/Frameworks",
				);
				PRODUCT_BUNDLE_IDENTIFIER = "com.sebhunterluke.HTTPS-Responses";
				PRODUCT_NAME = "$(TARGET_NAME)";
				SWIFT_VERSION = 5.0;
				TARGETED_DEVICE_FAMILY = "1,2";
			};
			name = Release;
		};
		3207F48126C494E500D90D50 /* Debug */ = {
			isa = XCBuildConfiguration;
			buildSettings = {
				ALWAYS_EMBED_SWIFT_STANDARD_LIBRARIES = YES;
				BUNDLE_LOADER = "$(TEST_HOST)";
				CODE_SIGN_STYLE = Automatic;
				DEVELOPMENT_TEAM = 98JA788VTC;
				INFOPLIST_FILE = "S ResponsesTests/Info.plist";
				IPHONEOS_DEPLOYMENT_TARGET = 14.0;
				LD_RUNPATH_SEARCH_PATHS = (
					"$(inherited)",
					"@executable_path/Frameworks",
					"@loader_path/Frameworks",
				);
				PRODUCT_BUNDLE_IDENTIFIER = "com.sebhunterluke.S-ResponsesTests";
				PRODUCT_NAME = "$(TARGET_NAME)";
				SWIFT_VERSION = 5.0;
				TARGETED_DEVICE_FAMILY = "1,2";
				TEST_HOST = "$(BUILT_PRODUCTS_DIR)/HTTPS Responses.app/HTTPS Responses";
			};
			name = Debug;
		};
		3207F48226C494E500D90D50 /* Release */ = {
			isa = XCBuildConfiguration;
			buildSettings = {
				ALWAYS_EMBED_SWIFT_STANDARD_LIBRARIES = YES;
				BUNDLE_LOADER = "$(TEST_HOST)";
				CODE_SIGN_STYLE = Automatic;
				DEVELOPMENT_TEAM = 98JA788VTC;
				INFOPLIST_FILE = "S ResponsesTests/Info.plist";
				IPHONEOS_DEPLOYMENT_TARGET = 14.0;
				LD_RUNPATH_SEARCH_PATHS = (
					"$(inherited)",
					"@executable_path/Frameworks",
					"@loader_path/Frameworks",
				);
				PRODUCT_BUNDLE_IDENTIFIER = "com.sebhunterluke.S-ResponsesTests";
				PRODUCT_NAME = "$(TARGET_NAME)";
				SWIFT_VERSION = 5.0;
				TARGETED_DEVICE_FAMILY = "1,2";
				TEST_HOST = "$(BUILT_PRODUCTS_DIR)/HTTPS Responses.app/HTTPS Responses";
			};
			name = Release;
		};
		3207F48426C494E500D90D50 /* Debug */ = {
			isa = XCBuildConfiguration;
			buildSettings = {
				ALWAYS_EMBED_SWIFT_STANDARD_LIBRARIES = YES;
				CODE_SIGN_STYLE = Automatic;
				DEVELOPMENT_TEAM = 98JA788VTC;
				INFOPLIST_FILE = "S ResponsesUITests/Info.plist";
				LD_RUNPATH_SEARCH_PATHS = (
					"$(inherited)",
					"@executable_path/Frameworks",
					"@loader_path/Frameworks",
				);
				PRODUCT_BUNDLE_IDENTIFIER = "com.sebhunterluke.S-ResponsesUITests";
				PRODUCT_NAME = "$(TARGET_NAME)";
				SWIFT_VERSION = 5.0;
				TARGETED_DEVICE_FAMILY = "1,2";
				TEST_TARGET_NAME = "S Responses";
			};
			name = Debug;
		};
		3207F48526C494E500D90D50 /* Release */ = {
			isa = XCBuildConfiguration;
			buildSettings = {
				ALWAYS_EMBED_SWIFT_STANDARD_LIBRARIES = YES;
				CODE_SIGN_STYLE = Automatic;
				DEVELOPMENT_TEAM = 98JA788VTC;
				INFOPLIST_FILE = "S ResponsesUITests/Info.plist";
				LD_RUNPATH_SEARCH_PATHS = (
					"$(inherited)",
					"@executable_path/Frameworks",
					"@loader_path/Frameworks",
				);
				PRODUCT_BUNDLE_IDENTIFIER = "com.sebhunterluke.S-ResponsesUITests";
				PRODUCT_NAME = "$(TARGET_NAME)";
				SWIFT_VERSION = 5.0;
				TARGETED_DEVICE_FAMILY = "1,2";
				TEST_TARGET_NAME = "S Responses";
			};
			name = Release;
		};
		329CC19F26CF71B40056CE4D /* Debug */ = {
			isa = XCBuildConfiguration;
			buildSettings = {
				CODE_SIGN_ENTITLEMENTS = OneSignalNotificationServiceExtension/OneSignalNotificationServiceExtension.entitlements;
				CODE_SIGN_STYLE = Automatic;
				CURRENT_PROJECT_VERSION = 9;
				DEVELOPMENT_TEAM = 98JA788VTC;
				INFOPLIST_FILE = OneSignalNotificationServiceExtension/Info.plist;
				IPHONEOS_DEPLOYMENT_TARGET = 12.0;
				LD_RUNPATH_SEARCH_PATHS = (
					"$(inherited)",
					"@executable_path/Frameworks",
					"@executable_path/../../Frameworks",
				);
				PRODUCT_BUNDLE_IDENTIFIER = "com.sebhunterluke.HTTPS-Responses.OneSignalNotificationServiceExtension";
				PRODUCT_NAME = "$(TARGET_NAME)";
				SKIP_INSTALL = YES;
				SWIFT_VERSION = 5.0;
				TARGETED_DEVICE_FAMILY = "1,2";
			};
			name = Debug;
		};
		329CC1A026CF71B40056CE4D /* Release */ = {
			isa = XCBuildConfiguration;
			buildSettings = {
				CODE_SIGN_ENTITLEMENTS = OneSignalNotificationServiceExtension/OneSignalNotificationServiceExtension.entitlements;
				CODE_SIGN_STYLE = Automatic;
				CURRENT_PROJECT_VERSION = 9;
				DEVELOPMENT_TEAM = 98JA788VTC;
				INFOPLIST_FILE = OneSignalNotificationServiceExtension/Info.plist;
				IPHONEOS_DEPLOYMENT_TARGET = 12.0;
				LD_RUNPATH_SEARCH_PATHS = (
					"$(inherited)",
					"@executable_path/Frameworks",
					"@executable_path/../../Frameworks",
				);
				PRODUCT_BUNDLE_IDENTIFIER = "com.sebhunterluke.HTTPS-Responses.OneSignalNotificationServiceExtension";
				PRODUCT_NAME = "$(TARGET_NAME)";
				SKIP_INSTALL = YES;
				SWIFT_VERSION = 5.0;
				TARGETED_DEVICE_FAMILY = "1,2";
			};
			name = Release;
		};
/* End XCBuildConfiguration section */

/* Begin XCConfigurationList section */
		3207F45326C494E300D90D50 /* Build configuration list for PBXProject "HTTPS Responses" */ = {
			isa = XCConfigurationList;
			buildConfigurations = (
				3207F47B26C494E500D90D50 /* Debug */,
				3207F47C26C494E500D90D50 /* Release */,
			);
			defaultConfigurationIsVisible = 0;
			defaultConfigurationName = Release;
		};
		3207F47D26C494E500D90D50 /* Build configuration list for PBXNativeTarget "HTTPS Responses" */ = {
			isa = XCConfigurationList;
			buildConfigurations = (
				3207F47E26C494E500D90D50 /* Debug */,
				3207F47F26C494E500D90D50 /* Release */,
			);
			defaultConfigurationIsVisible = 0;
			defaultConfigurationName = Release;
		};
		3207F48026C494E500D90D50 /* Build configuration list for PBXNativeTarget "HTTPS ResponsesTests" */ = {
			isa = XCConfigurationList;
			buildConfigurations = (
				3207F48126C494E500D90D50 /* Debug */,
				3207F48226C494E500D90D50 /* Release */,
			);
			defaultConfigurationIsVisible = 0;
			defaultConfigurationName = Release;
		};
		3207F48326C494E500D90D50 /* Build configuration list for PBXNativeTarget "HTTPS ResponsesUITests" */ = {
			isa = XCConfigurationList;
			buildConfigurations = (
				3207F48426C494E500D90D50 /* Debug */,
				3207F48526C494E500D90D50 /* Release */,
			);
			defaultConfigurationIsVisible = 0;
			defaultConfigurationName = Release;
		};
		329CC19E26CF71B40056CE4D /* Build configuration list for PBXNativeTarget "OneSignalNotificationServiceExtension" */ = {
			isa = XCConfigurationList;
			buildConfigurations = (
				329CC19F26CF71B40056CE4D /* Debug */,
				329CC1A026CF71B40056CE4D /* Release */,
			);
			defaultConfigurationIsVisible = 0;
			defaultConfigurationName = Release;
		};
/* End XCConfigurationList section */

/* Begin XCRemoteSwiftPackageReference section */
		324E1F1626CB8C9700EB9E07 /* XCRemoteSwiftPackageReference "SwiftUIX" */ = {
			isa = XCRemoteSwiftPackageReference;
			repositoryURL = "https://github.com/SwiftUIX/SwiftUIX.git";
			requirement = {
				kind = upToNextMajorVersion;
				minimumVersion = 0.0.8;
			};
		};
		325F4FC426D391EF002877AA /* XCRemoteSwiftPackageReference "SwiftUIKit" */ = {
			isa = XCRemoteSwiftPackageReference;
			repositoryURL = "https://github.com/danielsaidi/SwiftUIKit.git";
			requirement = {
				kind = upToNextMajorVersion;
				minimumVersion = 1.7.2;
			};
		};
		326334B626E58B9700C4BCBD /* XCRemoteSwiftPackageReference "sentry-cocoa" */ = {
			isa = XCRemoteSwiftPackageReference;
			repositoryURL = "https://github.com/getsentry/sentry-cocoa.git";
			requirement = {
				kind = upToNextMajorVersion;
				minimumVersion = 7.2.7;
			};
		};
		329CC1A226CF725F0056CE4D /* XCRemoteSwiftPackageReference "OneSignal-XCFramework" */ = {
			isa = XCRemoteSwiftPackageReference;
			repositoryURL = "https://github.com/OneSignal/OneSignal-XCFramework";
			requirement = {
				kind = upToNextMajorVersion;
				minimumVersion = 3.6.1;
			};
		};
/* End XCRemoteSwiftPackageReference section */

/* Begin XCSwiftPackageProductDependency section */
		324E1F1726CB8C9700EB9E07 /* SwiftUIX */ = {
			isa = XCSwiftPackageProductDependency;
			package = 324E1F1626CB8C9700EB9E07 /* XCRemoteSwiftPackageReference "SwiftUIX" */;
			productName = SwiftUIX;
		};
		325F4FC026D36664002877AA /* OneSignal */ = {
			isa = XCSwiftPackageProductDependency;
			package = 329CC1A226CF725F0056CE4D /* XCRemoteSwiftPackageReference "OneSignal-XCFramework" */;
			productName = OneSignal;
		};
		325F4FC526D391EF002877AA /* SwiftUIKit */ = {
			isa = XCSwiftPackageProductDependency;
			package = 325F4FC426D391EF002877AA /* XCRemoteSwiftPackageReference "SwiftUIKit" */;
			productName = SwiftUIKit;
		};
		326334B726E58B9700C4BCBD /* Sentry */ = {
			isa = XCSwiftPackageProductDependency;
			package = 326334B626E58B9700C4BCBD /* XCRemoteSwiftPackageReference "sentry-cocoa" */;
			productName = Sentry;
		};
/* End XCSwiftPackageProductDependency section */
	};
	rootObject = 3207F45026C494E300D90D50 /* Project object */;
}
